{
  "name": "FC Prod Acct Customization 1",
  "lockfileVersion": 2,
  "requires": true,
  "packages": {
    "": {
      "devDependencies": {
        "@hitc/netsuite-types": "^2023.1.5"
      }
    },
    "node_modules/@hitc/netsuite-types": {
      "version": "2023.1.5",
      "resolved": "https://registry.npmjs.org/@hitc/netsuite-types/-/netsuite-types-2023.1.5.tgz",
      "integrity": "sha512-7Y+SHzZdsyiwtGjdBiSSepbrBcUDPZg0Zjpjs9+fFiQKPPg7lZLs889makf359AbfY5o2ZPt4WWVWu30fgQN/w==",
      "dev": true
    }
  },
  "dependencies": {
    "@hitc/netsuite-types": {
      "version": "2023.1.5",
      "resolved": "https://registry.npmjs.org/@hitc/netsuite-types/-/netsuite-types-2023.1.5.tgz",
      "integrity": "sha512-7Y+SHzZdsyiwtGjdBiSSepbrBcUDPZg0Zjpjs9+fFiQKPPg7lZLs889makf359AbfY5o2ZPt4WWVWu30fgQN/w==",
      "dev": true
    }
  }
}
